
Microsoft Visual Studio Solution File, Format Version 12.00
# Visual Studio Version 16
VisualStudioVersion = 16.0.31205.134
MinimumVisualStudioVersion = 10.0.40219.1
Project("{9A19103F-16F7-4668-BE54-9A1E7A4F7556}") = "ClassLibrary1", "ClassLibrary1\ClassLibrary1.csproj", "{15C2481B-24E6-4F87-8D2C-B179E4E4BBA5}"
EndProject
Project("{9A19103F-16F7-4668-BE54-9A1E7A4F7556}") = "SpecFlowProject1", "SpecFlowProject1\SpecFlowProject1.csproj", "{610A262A-23A5-4D5B-ADCF-58F1D08200F7}"
	ProjectSection(ProjectDependencies) = postProject
		{15C2481B-24E6-4F87-8D2C-B179E4E4BBA5} = {15C2481B-24E6-4F87-8D2C-B179E4E4BBA5}
	EndProjectSection
EndProject
Project("{FAE04EC0-301F-11D3-BF4B-00C04F79EFBC}") = "SpecFlowProject2", "SpecFlowProject2\SpecFlowProject2.csproj", "{C292F9D2-5745-4304-B6BE-FCA3CD31B81E}"
	ProjectSection(ProjectDependencies) = postProject
		{15C2481B-24E6-4F87-8D2C-B179E4E4BBA5} = {15C2481B-24E6-4F87-8D2C-B179E4E4BBA5}
	EndProjectSection
EndProject
Global
	GlobalSection(SolutionConfigurationPlatforms) = preSolution
		Debug|Any CPU = Debug|Any CPU
		Release|Any CPU = Release|Any CPU
	EndGlobalSection
	GlobalSection(ProjectConfigurationPlatforms) = postSolution
		{15C2481B-24E6-4F87-8D2C-B179E4E4BBA5}.Debug|Any CPU.ActiveCfg = Debug|Any CPU
		{15C2481B-24E6-4F87-8D2C-B179E4E4BBA5}.Debug|Any CPU.Build.0 = Debug|Any CPU
		{15C2481B-24E6-4F87-8D2C-B179E4E4BBA5}.Release|Any CPU.ActiveCfg = Release|Any CPU
		{15C2481B-24E6-4F87-8D2C-B179E4E4BBA5}.Release|Any CPU.Build.0 = Release|Any CPU
		{610A262A-23A5-4D5B-ADCF-58F1D08200F7}.Debug|Any CPU.ActiveCfg = Debug|Any CPU
		{610A262A-23A5-4D5B-ADCF-58F1D08200F7}.Debug|Any CPU.Build.0 = Debug|Any CPU
		{610A262A-23A5-4D5B-ADCF-58F1D08200F7}.Release|Any CPU.ActiveCfg = Release|Any CPU
		{610A262A-23A5-4D5B-ADCF-58F1D08200F7}.Release|Any CPU.Build.0 = Release|Any CPU
		{C292F9D2-5745-4304-B6BE-FCA3CD31B81E}.Debug|Any CPU.ActiveCfg = Debug|Any CPU
		{C292F9D2-5745-4304-B6BE-FCA3CD31B81E}.Debug|Any CPU.Build.0 = Debug|Any CPU
		{C292F9D2-5745-4304-B6BE-FCA3CD31B81E}.Release|Any CPU.ActiveCfg = Release|Any CPU
		{C292F9D2-5745-4304-B6BE-FCA3CD31B81E}.Release|Any CPU.Build.0 = Release|Any CPU
	EndGlobalSection
	GlobalSection(SolutionProperties) = preSolution
		HideSolutionNode = FALSE
	EndGlobalSection
	GlobalSection(ExtensibilityGlobals) = postSolution
		SolutionGuid = {8FBDEB96-9A33-42A4-BF50-ECB5C1935F36}
	EndGlobalSection
EndGlobal
